# Generated by buf. DO NOT EDIT.
version: v1
deps:
  - remote: buf.build
    owner: windmeup
    repository: pged
    commit: 567a79548a4d4cdf8205790dfd7957fb
    digest: shake256:f06611857d20fcd67ee26c48c8014961bdd5f58b10a1a90f517b83c5b3fc8c63403770b8d1b03ebe05a057da74992d5096bfa87e8ce7605efa303a1d6302ffd4
