# Generated by buf. DO NOT EDIT.
version: v1
deps:
  - remote: buf.build
    owner: windmeup
    repository: pged
    commit: aae8a44417cf47f583d154c1534d71f7
    digest: shake256:378e519e7b0612388c2901176f62fd000a93314240e82b6aeaf639f461178b3887876f48a8eb92b7432f0634d4e0ce6b5692c7a0f499dd74eb3f9bc6fd41fa6d
