# Generated by buf. DO NOT EDIT.
version: v1
deps:
  - remote: buf.build
    owner: windmeup
    repository: pged
    commit: ac7db6c43cad426ca3eb694c60ea7a53
    digest: shake256:892ff8fe67c5ed59c4041a5871a1d6a94b4a97157c5f8db95bce940d387400a5274a0ac2c5915e39e0c507cadc38b8ac976a3988c17f35cf90d040e94d8edf5f
